// !$*UTF8*$!
{
	archiveVersion = 1;
	classes = {
	};
	objectVersion = 56;
	objects = {

/* Begin PBXBuildFile section */
		84051A502BA835FB009685BD /* TopSearchCell.swift in Sources */ = {isa = PBXBuildFile; fileRef = 84051A4F2BA835FB009685BD /* TopSearchCell.swift */; };
		84051A522BA84267009685BD /* OfferCell.swift in Sources */ = {isa = PBXBuildFile; fileRef = 84051A512BA84267009685BD /* OfferCell.swift */; };
		84051A542BA84B3F009685BD /* VacanciesSupCell.swift in Sources */ = {isa = PBXBuildFile; fileRef = 84051A532BA84B3F009685BD /* VacanciesSupCell.swift */; };
		84051A562BA84C0D009685BD /* VacancyCell2.swift in Sources */ = {isa = PBXBuildFile; fileRef = 84051A552BA84C0D009685BD /* VacancyCell2.swift */; };
		84051A582BA86A46009685BD /* MainVC + ext.swift in Sources */ = {isa = PBXBuildFile; fileRef = 84051A572BA86A46009685BD /* MainVC + ext.swift */; };
		84051A5A2BA86B5B009685BD /* MainVCLayouts.swift in Sources */ = {isa = PBXBuildFile; fileRef = 84051A592BA86B5B009685BD /* MainVCLayouts.swift */; };
		84051A5C2BA8B10D009685BD /* VacanciesCell.swift in Sources */ = {isa = PBXBuildFile; fileRef = 84051A5B2BA8B10D009685BD /* VacanciesCell.swift */; };
		84051A5F2BA9A522009685BD /* VacancyDataModel.swift in Sources */ = {isa = PBXBuildFile; fileRef = 84051A5E2BA9A522009685BD /* VacancyDataModel.swift */; };
		84051A612BA9AB1F009685BD /* Helpers.swift in Sources */ = {isa = PBXBuildFile; fileRef = 84051A602BA9AB1F009685BD /* Helpers.swift */; };
		84051A662BA9D923009685BD /* MoreCoordinator.swift in Sources */ = {isa = PBXBuildFile; fileRef = 84051A652BA9D923009685BD /* MoreCoordinator.swift */; };
		84051A692BA9D997009685BD /* MoreViewController.swift in Sources */ = {isa = PBXBuildFile; fileRef = 84051A682BA9D997009685BD /* MoreViewController.swift */; };
		84051A6B2BA9DE40009685BD /* MoreViewModel.swift in Sources */ = {isa = PBXBuildFile; fileRef = 84051A6A2BA9DE40009685BD /* MoreViewModel.swift */; };
		84051A6D2BA9E0C5009685BD /* MoreVC + ext.swift in Sources */ = {isa = PBXBuildFile; fileRef = 84051A6C2BA9E0C5009685BD /* MoreVC + ext.swift */; };
		84051A6F2BA9E219009685BD /* MoreVCLayouts.swift in Sources */ = {isa = PBXBuildFile; fileRef = 84051A6E2BA9E219009685BD /* MoreVCLayouts.swift */; };
		84051A712BA9EB3D009685BD /* MoreHeaderSupCell.swift in Sources */ = {isa = PBXBuildFile; fileRef = 84051A702BA9EB3D009685BD /* MoreHeaderSupCell.swift */; };
		84051A732BAAC321009685BD /* DetailCoordinator.swift in Sources */ = {isa = PBXBuildFile; fileRef = 84051A722BAAC321009685BD /* DetailCoordinator.swift */; };
		84051A762BAAC375009685BD /* DetailViewController.swift in Sources */ = {isa = PBXBuildFile; fileRef = 84051A752BAAC375009685BD /* DetailViewController.swift */; };
		849097C92BA308FE0015E68C /* AppDelegate.swift in Sources */ = {isa = PBXBuildFile; fileRef = 849097C82BA308FE0015E68C /* AppDelegate.swift */; };
		849097CD2BA308FE0015E68C /* LoginViewController.swift in Sources */ = {isa = PBXBuildFile; fileRef = 849097CC2BA308FE0015E68C /* LoginViewController.swift */; };
		849097D32BA308FE0015E68C /* SkullSearcher.xcdatamodeld in Sources */ = {isa = PBXBuildFile; fileRef = 849097D12BA308FE0015E68C /* SkullSearcher.xcdatamodeld */; };
		849097D52BA309010015E68C /* Assets.xcassets in Resources */ = {isa = PBXBuildFile; fileRef = 849097D42BA309010015E68C /* Assets.xcassets */; };
		849097E32BA309010015E68C /* SkullSearcherTests.swift in Sources */ = {isa = PBXBuildFile; fileRef = 849097E22BA309010015E68C /* SkullSearcherTests.swift */; };
		849097ED2BA309010015E68C /* SkullSearcherUITests.swift in Sources */ = {isa = PBXBuildFile; fileRef = 849097EC2BA309010015E68C /* SkullSearcherUITests.swift */; };
		849097EF2BA309010015E68C /* SkullSearcherUITestsLaunchTests.swift in Sources */ = {isa = PBXBuildFile; fileRef = 849097EE2BA309010015E68C /* SkullSearcherUITestsLaunchTests.swift */; };
		849097FF2BA311FC0015E68C /* UIViewController + ext.swift in Sources */ = {isa = PBXBuildFile; fileRef = 849097FE2BA311FC0015E68C /* UIViewController + ext.swift */; };
		849098022BA3127B0015E68C /* CoordinatorProtocol.swift in Sources */ = {isa = PBXBuildFile; fileRef = 849098012BA3127B0015E68C /* CoordinatorProtocol.swift */; };
		849098042BA312B00015E68C /* AppCoordinator.swift in Sources */ = {isa = PBXBuildFile; fileRef = 849098032BA312B00015E68C /* AppCoordinator.swift */; };
		849098062BA317A20015E68C /* LoginCoordinator.swift in Sources */ = {isa = PBXBuildFile; fileRef = 849098052BA317A20015E68C /* LoginCoordinator.swift */; };
		849098092BA3230D0015E68C /* SF-Pro-Display-Semibold.otf in Resources */ = {isa = PBXBuildFile; fileRef = 849098082BA3230D0015E68C /* SF-Pro-Display-Semibold.otf */; };
		8490980B2BA3231D0015E68C /* SF-Pro-Display-Medium.otf in Resources */ = {isa = PBXBuildFile; fileRef = 8490980A2BA3231D0015E68C /* SF-Pro-Display-Medium.otf */; };
		8490980D2BA3232F0015E68C /* SF-Pro-Display-Regular.otf in Resources */ = {isa = PBXBuildFile; fileRef = 8490980C2BA3232F0015E68C /* SF-Pro-Display-Regular.otf */; };
		849098132BA3357F0015E68C /* Fonts.swift in Sources */ = {isa = PBXBuildFile; fileRef = 849098122BA3357F0015E68C /* Fonts.swift */; };
		849098152BA33BD00015E68C /* Colors.swift in Sources */ = {isa = PBXBuildFile; fileRef = 849098142BA33BD00015E68C /* Colors.swift */; };
		849098172BA33C3B0015E68C /* UIColor + ext.swift in Sources */ = {isa = PBXBuildFile; fileRef = 849098162BA33C3B0015E68C /* UIColor + ext.swift */; };
		849098192BA344310015E68C /* Strings.swift in Sources */ = {isa = PBXBuildFile; fileRef = 849098182BA344310015E68C /* Strings.swift */; };
		8490981B2BA353620015E68C /* UITextField + ext.swift in Sources */ = {isa = PBXBuildFile; fileRef = 8490981A2BA353620015E68C /* UITextField + ext.swift */; };
		8490981D2BA453AC0015E68C /* TabBar.swift in Sources */ = {isa = PBXBuildFile; fileRef = 8490981C2BA453AC0015E68C /* TabBar.swift */; };
		849098212BA488BA0015E68C /* LoginVC + ext.swift in Sources */ = {isa = PBXBuildFile; fileRef = 849098202BA488BA0015E68C /* LoginVC + ext.swift */; };
		849098242BA4940C0015E68C /* LoginViewModel.swift in Sources */ = {isa = PBXBuildFile; fileRef = 849098232BA4940C0015E68C /* LoginViewModel.swift */; };
		849098272BA494780015E68C /* Verifier.swift in Sources */ = {isa = PBXBuildFile; fileRef = 849098262BA494780015E68C /* Verifier.swift */; };
		849098292BA4B0AC0015E68C /* ConfirmCoordinator.swift in Sources */ = {isa = PBXBuildFile; fileRef = 849098282BA4B0AC0015E68C /* ConfirmCoordinator.swift */; };
		8490982B2BA4B0F00015E68C /* ConfirmViewController.swift in Sources */ = {isa = PBXBuildFile; fileRef = 8490982A2BA4B0F00015E68C /* ConfirmViewController.swift */; };
		8490982D2BA4B8F90015E68C /* CodeField.swift in Sources */ = {isa = PBXBuildFile; fileRef = 8490982C2BA4B8F90015E68C /* CodeField.swift */; };
		8490982F2BA4C1C90015E68C /* ConfirmViewModel.swift in Sources */ = {isa = PBXBuildFile; fileRef = 8490982E2BA4C1C90015E68C /* ConfirmViewModel.swift */; };
		849098312BA6EB030015E68C /* ConfirmVC + ext.swift in Sources */ = {isa = PBXBuildFile; fileRef = 849098302BA6EB030015E68C /* ConfirmVC + ext.swift */; };
		849098332BA6EEBE0015E68C /* Toolbars.swift in Sources */ = {isa = PBXBuildFile; fileRef = 849098322BA6EEBE0015E68C /* Toolbars.swift */; };
		849098352BA73FB50015E68C /* MainScreenCoordinator.swift in Sources */ = {isa = PBXBuildFile; fileRef = 849098342BA73FB50015E68C /* MainScreenCoordinator.swift */; };
		849098372BA742E40015E68C /* MainViewController.swift in Sources */ = {isa = PBXBuildFile; fileRef = 849098362BA742E40015E68C /* MainViewController.swift */; };
		849098392BA7433C0015E68C /* MainViewModel.swift in Sources */ = {isa = PBXBuildFile; fileRef = 849098382BA7433C0015E68C /* MainViewModel.swift */; };
		8490983C2BA74C250015E68C /* Networking.swift in Sources */ = {isa = PBXBuildFile; fileRef = 8490983B2BA74C250015E68C /* Networking.swift */; };
		8490983E2BA74C7F0015E68C /* Errors.swift in Sources */ = {isa = PBXBuildFile; fileRef = 8490983D2BA74C7F0015E68C /* Errors.swift */; };
		849098412BA74CD20015E68C /* MockApi.swift in Sources */ = {isa = PBXBuildFile; fileRef = 849098402BA74CD20015E68C /* MockApi.swift */; };
		849098432BA74F350015E68C /* consts.swift in Sources */ = {isa = PBXBuildFile; fileRef = 849098422BA74F350015E68C /* consts.swift */; };
		849098452BA751180015E68C /* ApiModels.swift in Sources */ = {isa = PBXBuildFile; fileRef = 849098442BA751180015E68C /* ApiModels.swift */; };
/* End PBXBuildFile section */

/* Begin PBXContainerItemProxy section */
		849097DF2BA309010015E68C /* PBXContainerItemProxy */ = {
			isa = PBXContainerItemProxy;
			containerPortal = 849097BD2BA308FE0015E68C /* Project object */;
			proxyType = 1;
			remoteGlobalIDString = 849097C42BA308FE0015E68C;
			remoteInfo = SkullSearcher;
		};
		849097E92BA309010015E68C /* PBXContainerItemProxy */ = {
			isa = PBXContainerItemProxy;
			containerPortal = 849097BD2BA308FE0015E68C /* Project object */;
			proxyType = 1;
			remoteGlobalIDString = 849097C42BA308FE0015E68C;
			remoteInfo = SkullSearcher;
		};
/* End PBXContainerItemProxy section */

/* Begin PBXFileReference section */
		84051A4F2BA835FB009685BD /* TopSearchCell.swift */ = {isa = PBXFileReference; lastKnownFileType = sourcecode.swift; path = TopSearchCell.swift; sourceTree = "<group>"; };
		84051A512BA84267009685BD /* OfferCell.swift */ = {isa = PBXFileReference; lastKnownFileType = sourcecode.swift; path = OfferCell.swift; sourceTree = "<group>"; };
		84051A532BA84B3F009685BD /* VacanciesSupCell.swift */ = {isa = PBXFileReference; lastKnownFileType = sourcecode.swift; path = VacanciesSupCell.swift; sourceTree = "<group>"; };
		84051A552BA84C0D009685BD /* VacancyCell2.swift */ = {isa = PBXFileReference; lastKnownFileType = sourcecode.swift; path = VacancyCell2.swift; sourceTree = "<group>"; };
		84051A572BA86A46009685BD /* MainVC + ext.swift */ = {isa = PBXFileReference; lastKnownFileType = sourcecode.swift; path = "MainVC + ext.swift"; sourceTree = "<group>"; };
		84051A592BA86B5B009685BD /* MainVCLayouts.swift */ = {isa = PBXFileReference; lastKnownFileType = sourcecode.swift; path = MainVCLayouts.swift; sourceTree = "<group>"; };
		84051A5B2BA8B10D009685BD /* VacanciesCell.swift */ = {isa = PBXFileReference; lastKnownFileType = sourcecode.swift; path = VacanciesCell.swift; sourceTree = "<group>"; };
		84051A5E2BA9A522009685BD /* VacancyDataModel.swift */ = {isa = PBXFileReference; lastKnownFileType = sourcecode.swift; path = VacancyDataModel.swift; sourceTree = "<group>"; };
		84051A602BA9AB1F009685BD /* Helpers.swift */ = {isa = PBXFileReference; lastKnownFileType = sourcecode.swift; path = Helpers.swift; sourceTree = "<group>"; };
		84051A652BA9D923009685BD /* MoreCoordinator.swift */ = {isa = PBXFileReference; lastKnownFileType = sourcecode.swift; path = MoreCoordinator.swift; sourceTree = "<group>"; };
		84051A682BA9D997009685BD /* MoreViewController.swift */ = {isa = PBXFileReference; lastKnownFileType = sourcecode.swift; path = MoreViewController.swift; sourceTree = "<group>"; };
		84051A6A2BA9DE40009685BD /* MoreViewModel.swift */ = {isa = PBXFileReference; lastKnownFileType = sourcecode.swift; path = MoreViewModel.swift; sourceTree = "<group>"; };
		84051A6C2BA9E0C5009685BD /* MoreVC + ext.swift */ = {isa = PBXFileReference; lastKnownFileType = sourcecode.swift; path = "MoreVC + ext.swift"; sourceTree = "<group>"; };
		84051A6E2BA9E219009685BD /* MoreVCLayouts.swift */ = {isa = PBXFileReference; lastKnownFileType = sourcecode.swift; path = MoreVCLayouts.swift; sourceTree = "<group>"; };
		84051A702BA9EB3D009685BD /* MoreHeaderSupCell.swift */ = {isa = PBXFileReference; lastKnownFileType = sourcecode.swift; path = MoreHeaderSupCell.swift; sourceTree = "<group>"; };
		84051A722BAAC321009685BD /* DetailCoordinator.swift */ = {isa = PBXFileReference; lastKnownFileType = sourcecode.swift; path = DetailCoordinator.swift; sourceTree = "<group>"; };
		84051A752BAAC375009685BD /* DetailViewController.swift */ = {isa = PBXFileReference; lastKnownFileType = sourcecode.swift; path = DetailViewController.swift; sourceTree = "<group>"; };
		849097C52BA308FE0015E68C /* SkullSearcher.app */ = {isa = PBXFileReference; explicitFileType = wrapper.application; includeInIndex = 0; path = SkullSearcher.app; sourceTree = BUILT_PRODUCTS_DIR; };
		849097C82BA308FE0015E68C /* AppDelegate.swift */ = {isa = PBXFileReference; lastKnownFileType = sourcecode.swift; path = AppDelegate.swift; sourceTree = "<group>"; };
		849097CC2BA308FE0015E68C /* LoginViewController.swift */ = {isa = PBXFileReference; lastKnownFileType = sourcecode.swift; path = LoginViewController.swift; sourceTree = "<group>"; };
		849097D22BA308FE0015E68C /* SkullSearcher.xcdatamodel */ = {isa = PBXFileReference; lastKnownFileType = wrapper.xcdatamodel; path = SkullSearcher.xcdatamodel; sourceTree = "<group>"; };
		849097D42BA309010015E68C /* Assets.xcassets */ = {isa = PBXFileReference; lastKnownFileType = folder.assetcatalog; path = Assets.xcassets; sourceTree = "<group>"; };
		849097D92BA309010015E68C /* Info.plist */ = {isa = PBXFileReference; lastKnownFileType = text.plist.xml; path = Info.plist; sourceTree = "<group>"; };
		849097DE2BA309010015E68C /* SkullSearcherTests.xctest */ = {isa = PBXFileReference; explicitFileType = wrapper.cfbundle; includeInIndex = 0; path = SkullSearcherTests.xctest; sourceTree = BUILT_PRODUCTS_DIR; };
		849097E22BA309010015E68C /* SkullSearcherTests.swift */ = {isa = PBXFileReference; lastKnownFileType = sourcecode.swift; path = SkullSearcherTests.swift; sourceTree = "<group>"; };
		849097E82BA309010015E68C /* SkullSearcherUITests.xctest */ = {isa = PBXFileReference; explicitFileType = wrapper.cfbundle; includeInIndex = 0; path = SkullSearcherUITests.xctest; sourceTree = BUILT_PRODUCTS_DIR; };
		849097EC2BA309010015E68C /* SkullSearcherUITests.swift */ = {isa = PBXFileReference; lastKnownFileType = sourcecode.swift; path = SkullSearcherUITests.swift; sourceTree = "<group>"; };
		849097EE2BA309010015E68C /* SkullSearcherUITestsLaunchTests.swift */ = {isa = PBXFileReference; lastKnownFileType = sourcecode.swift; path = SkullSearcherUITestsLaunchTests.swift; sourceTree = "<group>"; };
		849097FE2BA311FC0015E68C /* UIViewController + ext.swift */ = {isa = PBXFileReference; lastKnownFileType = sourcecode.swift; path = "UIViewController + ext.swift"; sourceTree = "<group>"; };
		849098012BA3127B0015E68C /* CoordinatorProtocol.swift */ = {isa = PBXFileReference; lastKnownFileType = sourcecode.swift; path = CoordinatorProtocol.swift; sourceTree = "<group>"; };
		849098032BA312B00015E68C /* AppCoordinator.swift */ = {isa = PBXFileReference; lastKnownFileType = sourcecode.swift; path = AppCoordinator.swift; sourceTree = "<group>"; };
		849098052BA317A20015E68C /* LoginCoordinator.swift */ = {isa = PBXFileReference; lastKnownFileType = sourcecode.swift; path = LoginCoordinator.swift; sourceTree = "<group>"; };
		849098082BA3230D0015E68C /* SF-Pro-Display-Semibold.otf */ = {isa = PBXFileReference; lastKnownFileType = file; path = "SF-Pro-Display-Semibold.otf"; sourceTree = "<group>"; };
		8490980A2BA3231D0015E68C /* SF-Pro-Display-Medium.otf */ = {isa = PBXFileReference; lastKnownFileType = file; path = "SF-Pro-Display-Medium.otf"; sourceTree = "<group>"; };
		8490980C2BA3232F0015E68C /* SF-Pro-Display-Regular.otf */ = {isa = PBXFileReference; lastKnownFileType = file; path = "SF-Pro-Display-Regular.otf"; sourceTree = "<group>"; };
		849098122BA3357F0015E68C /* Fonts.swift */ = {isa = PBXFileReference; lastKnownFileType = sourcecode.swift; path = Fonts.swift; sourceTree = "<group>"; };
		849098142BA33BD00015E68C /* Colors.swift */ = {isa = PBXFileReference; lastKnownFileType = sourcecode.swift; path = Colors.swift; sourceTree = "<group>"; };
		849098162BA33C3B0015E68C /* UIColor + ext.swift */ = {isa = PBXFileReference; lastKnownFileType = sourcecode.swift; path = "UIColor + ext.swift"; sourceTree = "<group>"; };
		849098182BA344310015E68C /* Strings.swift */ = {isa = PBXFileReference; lastKnownFileType = sourcecode.swift; path = Strings.swift; sourceTree = "<group>"; };
		8490981A2BA353620015E68C /* UITextField + ext.swift */ = {isa = PBXFileReference; lastKnownFileType = sourcecode.swift; path = "UITextField + ext.swift"; sourceTree = "<group>"; };
		8490981C2BA453AC0015E68C /* TabBar.swift */ = {isa = PBXFileReference; lastKnownFileType = sourcecode.swift; path = TabBar.swift; sourceTree = "<group>"; };
		849098202BA488BA0015E68C /* LoginVC + ext.swift */ = {isa = PBXFileReference; lastKnownFileType = sourcecode.swift; path = "LoginVC + ext.swift"; sourceTree = "<group>"; };
		849098232BA4940C0015E68C /* LoginViewModel.swift */ = {isa = PBXFileReference; lastKnownFileType = sourcecode.swift; path = LoginViewModel.swift; sourceTree = "<group>"; };
		849098262BA494780015E68C /* Verifier.swift */ = {isa = PBXFileReference; lastKnownFileType = sourcecode.swift; path = Verifier.swift; sourceTree = "<group>"; };
		849098282BA4B0AC0015E68C /* ConfirmCoordinator.swift */ = {isa = PBXFileReference; lastKnownFileType = sourcecode.swift; path = ConfirmCoordinator.swift; sourceTree = "<group>"; };
		8490982A2BA4B0F00015E68C /* ConfirmViewController.swift */ = {isa = PBXFileReference; lastKnownFileType = sourcecode.swift; path = ConfirmViewController.swift; sourceTree = "<group>"; };
		8490982C2BA4B8F90015E68C /* CodeField.swift */ = {isa = PBXFileReference; lastKnownFileType = sourcecode.swift; path = CodeField.swift; sourceTree = "<group>"; };
		8490982E2BA4C1C90015E68C /* ConfirmViewModel.swift */ = {isa = PBXFileReference; lastKnownFileType = sourcecode.swift; path = ConfirmViewModel.swift; sourceTree = "<group>"; };
		849098302BA6EB030015E68C /* ConfirmVC + ext.swift */ = {isa = PBXFileReference; lastKnownFileType = sourcecode.swift; path = "ConfirmVC + ext.swift"; sourceTree = "<group>"; };
		849098322BA6EEBE0015E68C /* Toolbars.swift */ = {isa = PBXFileReference; lastKnownFileType = sourcecode.swift; path = Toolbars.swift; sourceTree = "<group>"; };
		849098342BA73FB50015E68C /* MainScreenCoordinator.swift */ = {isa = PBXFileReference; lastKnownFileType = sourcecode.swift; path = MainScreenCoordinator.swift; sourceTree = "<group>"; };
		849098362BA742E40015E68C /* MainViewController.swift */ = {isa = PBXFileReference; lastKnownFileType = sourcecode.swift; path = MainViewController.swift; sourceTree = "<group>"; };
		849098382BA7433C0015E68C /* MainViewModel.swift */ = {isa = PBXFileReference; lastKnownFileType = sourcecode.swift; path = MainViewModel.swift; sourceTree = "<group>"; };
		8490983B2BA74C250015E68C /* Networking.swift */ = {isa = PBXFileReference; lastKnownFileType = sourcecode.swift; path = Networking.swift; sourceTree = "<group>"; };
		8490983D2BA74C7F0015E68C /* Errors.swift */ = {isa = PBXFileReference; lastKnownFileType = sourcecode.swift; path = Errors.swift; sourceTree = "<group>"; };
		849098402BA74CD20015E68C /* MockApi.swift */ = {isa = PBXFileReference; lastKnownFileType = sourcecode.swift; path = MockApi.swift; sourceTree = "<group>"; };
		849098422BA74F350015E68C /* consts.swift */ = {isa = PBXFileReference; lastKnownFileType = sourcecode.swift; path = consts.swift; sourceTree = "<group>"; };
		849098442BA751180015E68C /* ApiModels.swift */ = {isa = PBXFileReference; lastKnownFileType = sourcecode.swift; path = ApiModels.swift; sourceTree = "<group>"; };
/* End PBXFileReference section */

/* Begin PBXFrameworksBuildPhase section */
		849097C22BA308FE0015E68C /* Frameworks */ = {
			isa = PBXFrameworksBuildPhase;
			buildActionMask = 2147483647;
			files = (
			);
			runOnlyForDeploymentPostprocessing = 0;
		};
		849097DB2BA309010015E68C /* Frameworks */ = {
			isa = PBXFrameworksBuildPhase;
			buildActionMask = 2147483647;
			files = (
			);
			runOnlyForDeploymentPostprocessing = 0;
		};
		849097E52BA309010015E68C /* Frameworks */ = {
			isa = PBXFrameworksBuildPhase;
			buildActionMask = 2147483647;
			files = (
			);
			runOnlyForDeploymentPostprocessing = 0;
		};
/* End PBXFrameworksBuildPhase section */

/* Begin PBXGroup section */
		84051A4E2BA835F0009685BD /* Cells */ = {
			isa = PBXGroup;
			children = (
				84051A4F2BA835FB009685BD /* TopSearchCell.swift */,
				84051A512BA84267009685BD /* OfferCell.swift */,
				84051A532BA84B3F009685BD /* VacanciesSupCell.swift */,
				84051A552BA84C0D009685BD /* VacancyCell2.swift */,
				84051A5B2BA8B10D009685BD /* VacanciesCell.swift */,
				84051A702BA9EB3D009685BD /* MoreHeaderSupCell.swift */,
			);
			path = Cells;
			sourceTree = "<group>";
		};
		84051A5D2BA9A513009685BD /* Models */ = {
			isa = PBXGroup;
			children = (
				84051A5E2BA9A522009685BD /* VacancyDataModel.swift */,
			);
			path = Models;
			sourceTree = "<group>";
		};
		84051A622BA9D762009685BD /* Login */ = {
			isa = PBXGroup;
			children = (
				849098202BA488BA0015E68C /* LoginVC + ext.swift */,
				849097CC2BA308FE0015E68C /* LoginViewController.swift */,
			);
			path = Login;
			sourceTree = "<group>";
		};
		84051A632BA9D773009685BD /* Confrim */ = {
			isa = PBXGroup;
			children = (
				849098302BA6EB030015E68C /* ConfirmVC + ext.swift */,
				8490982C2BA4B8F90015E68C /* CodeField.swift */,
				8490982A2BA4B0F00015E68C /* ConfirmViewController.swift */,
			);
			path = Confrim;
			sourceTree = "<group>";
		};
		84051A642BA9D783009685BD /* Main */ = {
			isa = PBXGroup;
			children = (
				84051A592BA86B5B009685BD /* MainVCLayouts.swift */,
				84051A572BA86A46009685BD /* MainVC + ext.swift */,
				849098362BA742E40015E68C /* MainViewController.swift */,
			);
			path = Main;
			sourceTree = "<group>";
		};
		84051A672BA9D98A009685BD /* More */ = {
			isa = PBXGroup;
			children = (
				84051A682BA9D997009685BD /* MoreViewController.swift */,
				84051A6C2BA9E0C5009685BD /* MoreVC + ext.swift */,
				84051A6E2BA9E219009685BD /* MoreVCLayouts.swift */,
			);
			path = More;
			sourceTree = "<group>";
		};
		84051A742BAAC362009685BD /* Detail */ = {
			isa = PBXGroup;
			children = (
				84051A752BAAC375009685BD /* DetailViewController.swift */,
			);
			path = Detail;
			sourceTree = "<group>";
		};
		849097BC2BA308FE0015E68C = {
			isa = PBXGroup;
			children = (
				849097C72BA308FE0015E68C /* SkullSearcher */,
				849097E12BA309010015E68C /* SkullSearcherTests */,
				849097EB2BA309010015E68C /* SkullSearcherUITests */,
				849097C62BA308FE0015E68C /* Products */,
			);
			sourceTree = "<group>";
		};
		849097C62BA308FE0015E68C /* Products */ = {
			isa = PBXGroup;
			children = (
				849097C52BA308FE0015E68C /* SkullSearcher.app */,
				849097DE2BA309010015E68C /* SkullSearcherTests.xctest */,
				849097E82BA309010015E68C /* SkullSearcherUITests.xctest */,
			);
			name = Products;
			sourceTree = "<group>";
		};
		849097C72BA308FE0015E68C /* SkullSearcher */ = {
			isa = PBXGroup;
			children = (
				84051A5D2BA9A513009685BD /* Models */,
				849098252BA494560015E68C /* Services */,
				849098222BA493FD0015E68C /* ViewModels */,
				849098112BA3356E0015E68C /* Utils */,
				8490980E2BA323380015E68C /* Fonts */,
				849098072BA31B240015E68C /* Views */,
				849098002BA312400015E68C /* Coordinators */,
				849097FD2BA311DA0015E68C /* Extensions */,
				849097C82BA308FE0015E68C /* AppDelegate.swift */,
				849097D42BA309010015E68C /* Assets.xcassets */,
				849097D92BA309010015E68C /* Info.plist */,
				849097D12BA308FE0015E68C /* SkullSearcher.xcdatamodeld */,
			);
			path = SkullSearcher;
			sourceTree = "<group>";
		};
		849097E12BA309010015E68C /* SkullSearcherTests */ = {
			isa = PBXGroup;
			children = (
				849097E22BA309010015E68C /* SkullSearcherTests.swift */,
			);
			path = SkullSearcherTests;
			sourceTree = "<group>";
		};
		849097EB2BA309010015E68C /* SkullSearcherUITests */ = {
			isa = PBXGroup;
			children = (
				849097EC2BA309010015E68C /* SkullSearcherUITests.swift */,
				849097EE2BA309010015E68C /* SkullSearcherUITestsLaunchTests.swift */,
			);
			path = SkullSearcherUITests;
			sourceTree = "<group>";
		};
		849097FD2BA311DA0015E68C /* Extensions */ = {
			isa = PBXGroup;
			children = (
				849097FE2BA311FC0015E68C /* UIViewController + ext.swift */,
				849098162BA33C3B0015E68C /* UIColor + ext.swift */,
				8490981A2BA353620015E68C /* UITextField + ext.swift */,
			);
			path = Extensions;
			sourceTree = "<group>";
		};
		849098002BA312400015E68C /* Coordinators */ = {
			isa = PBXGroup;
			children = (
				849098012BA3127B0015E68C /* CoordinatorProtocol.swift */,
				849098032BA312B00015E68C /* AppCoordinator.swift */,
				849098052BA317A20015E68C /* LoginCoordinator.swift */,
				849098282BA4B0AC0015E68C /* ConfirmCoordinator.swift */,
				849098342BA73FB50015E68C /* MainScreenCoordinator.swift */,
				84051A652BA9D923009685BD /* MoreCoordinator.swift */,
				84051A722BAAC321009685BD /* DetailCoordinator.swift */,
			);
			path = Coordinators;
			sourceTree = "<group>";
		};
		849098072BA31B240015E68C /* Views */ = {
			isa = PBXGroup;
			children = (
				84051A742BAAC362009685BD /* Detail */,
				84051A672BA9D98A009685BD /* More */,
				84051A642BA9D783009685BD /* Main */,
				84051A632BA9D773009685BD /* Confrim */,
				84051A622BA9D762009685BD /* Login */,
				84051A4E2BA835F0009685BD /* Cells */,
				8490981C2BA453AC0015E68C /* TabBar.swift */,
			);
			path = Views;
			sourceTree = "<group>";
		};
		8490980E2BA323380015E68C /* Fonts */ = {
			isa = PBXGroup;
			children = (
				8490980C2BA3232F0015E68C /* SF-Pro-Display-Regular.otf */,
				8490980A2BA3231D0015E68C /* SF-Pro-Display-Medium.otf */,
				849098082BA3230D0015E68C /* SF-Pro-Display-Semibold.otf */,
			);
			path = Fonts;
			sourceTree = "<group>";
		};
		849098112BA3356E0015E68C /* Utils */ = {
			isa = PBXGroup;
			children = (
				849098122BA3357F0015E68C /* Fonts.swift */,
				849098142BA33BD00015E68C /* Colors.swift */,
				849098182BA344310015E68C /* Strings.swift */,
				849098322BA6EEBE0015E68C /* Toolbars.swift */,
				84051A602BA9AB1F009685BD /* Helpers.swift */,
			);
			path = Utils;
			sourceTree = "<group>";
		};
		849098222BA493FD0015E68C /* ViewModels */ = {
			isa = PBXGroup;
			children = (
				849098232BA4940C0015E68C /* LoginViewModel.swift */,
				8490982E2BA4C1C90015E68C /* ConfirmViewModel.swift */,
				849098382BA7433C0015E68C /* MainViewModel.swift */,
				84051A6A2BA9DE40009685BD /* MoreViewModel.swift */,
			);
			path = ViewModels;
			sourceTree = "<group>";
		};
		849098252BA494560015E68C /* Services */ = {
			isa = PBXGroup;
			children = (
				8490983A2BA74C190015E68C /* Networking */,
				849098262BA494780015E68C /* Verifier.swift */,
			);
			path = Services;
			sourceTree = "<group>";
		};
		8490983A2BA74C190015E68C /* Networking */ = {
			isa = PBXGroup;
			children = (
				8490983F2BA74CA80015E68C /* Domain */,
				8490983D2BA74C7F0015E68C /* Errors.swift */,
				8490983B2BA74C250015E68C /* Networking.swift */,
				849098422BA74F350015E68C /* consts.swift */,
			);
			path = Networking;
			sourceTree = "<group>";
		};
		8490983F2BA74CA80015E68C /* Domain */ = {
			isa = PBXGroup;
			children = (
				849098402BA74CD20015E68C /* MockApi.swift */,
				849098442BA751180015E68C /* ApiModels.swift */,
			);
			path = Domain;
			sourceTree = "<group>";
		};
/* End PBXGroup section */

/* Begin PBXNativeTarget section */
		849097C42BA308FE0015E68C /* SkullSearcher */ = {
			isa = PBXNativeTarget;
			buildConfigurationList = 849097F22BA309010015E68C /* Build configuration list for PBXNativeTarget "SkullSearcher" */;
			buildPhases = (
				849097C12BA308FE0015E68C /* Sources */,
				849097C22BA308FE0015E68C /* Frameworks */,
				849097C32BA308FE0015E68C /* Resources */,
			);
			buildRules = (
			);
			dependencies = (
			);
			name = SkullSearcher;
			productName = SkullSearcher;
			productReference = 849097C52BA308FE0015E68C /* SkullSearcher.app */;
			productType = "com.apple.product-type.application";
		};
		849097DD2BA309010015E68C /* SkullSearcherTests */ = {
			isa = PBXNativeTarget;
			buildConfigurationList = 849097F52BA309010015E68C /* Build configuration list for PBXNativeTarget "SkullSearcherTests" */;
			buildPhases = (
				849097DA2BA309010015E68C /* Sources */,
				849097DB2BA309010015E68C /* Frameworks */,
				849097DC2BA309010015E68C /* Resources */,
			);
			buildRules = (
			);
			dependencies = (
				849097E02BA309010015E68C /* PBXTargetDependency */,
			);
			name = SkullSearcherTests;
			productName = SkullSearcherTests;
			productReference = 849097DE2BA309010015E68C /* SkullSearcherTests.xctest */;
			productType = "com.apple.product-type.bundle.unit-test";
		};
		849097E72BA309010015E68C /* SkullSearcherUITests */ = {
			isa = PBXNativeTarget;
			buildConfigurationList = 849097F82BA309010015E68C /* Build configuration list for PBXNativeTarget "SkullSearcherUITests" */;
			buildPhases = (
				849097E42BA309010015E68C /* Sources */,
				849097E52BA309010015E68C /* Frameworks */,
				849097E62BA309010015E68C /* Resources */,
			);
			buildRules = (
			);
			dependencies = (
				849097EA2BA309010015E68C /* PBXTargetDependency */,
			);
			name = SkullSearcherUITests;
			productName = SkullSearcherUITests;
			productReference = 849097E82BA309010015E68C /* SkullSearcherUITests.xctest */;
			productType = "com.apple.product-type.bundle.ui-testing";
		};
/* End PBXNativeTarget section */

/* Begin PBXProject section */
		849097BD2BA308FE0015E68C /* Project object */ = {
			isa = PBXProject;
			attributes = {
				BuildIndependentTargetsInParallel = 1;
				LastSwiftUpdateCheck = 1430;
				LastUpgradeCheck = 1430;
				TargetAttributes = {
					849097C42BA308FE0015E68C = {
						CreatedOnToolsVersion = 14.3;
					};
					849097DD2BA309010015E68C = {
						CreatedOnToolsVersion = 14.3;
						TestTargetID = 849097C42BA308FE0015E68C;
					};
					849097E72BA309010015E68C = {
						CreatedOnToolsVersion = 14.3;
						TestTargetID = 849097C42BA308FE0015E68C;
					};
				};
			};
			buildConfigurationList = 849097C02BA308FE0015E68C /* Build configuration list for PBXProject "SkullSearcher" */;
			compatibilityVersion = "Xcode 14.0";
			developmentRegion = en;
			hasScannedForEncodings = 0;
			knownRegions = (
				en,
				Base,
			);
			mainGroup = 849097BC2BA308FE0015E68C;
			productRefGroup = 849097C62BA308FE0015E68C /* Products */;
			projectDirPath = "";
			projectRoot = "";
			targets = (
				849097C42BA308FE0015E68C /* SkullSearcher */,
				849097DD2BA309010015E68C /* SkullSearcherTests */,
				849097E72BA309010015E68C /* SkullSearcherUITests */,
			);
		};
/* End PBXProject section */

/* Begin PBXResourcesBuildPhase section */
		849097C32BA308FE0015E68C /* Resources */ = {
			isa = PBXResourcesBuildPhase;
			buildActionMask = 2147483647;
			files = (
				8490980B2BA3231D0015E68C /* SF-Pro-Display-Medium.otf in Resources */,
				849098092BA3230D0015E68C /* SF-Pro-Display-Semibold.otf in Resources */,
				8490980D2BA3232F0015E68C /* SF-Pro-Display-Regular.otf in Resources */,
				849097D52BA309010015E68C /* Assets.xcassets in Resources */,
			);
			runOnlyForDeploymentPostprocessing = 0;
		};
		849097DC2BA309010015E68C /* Resources */ = {
			isa = PBXResourcesBuildPhase;
			buildActionMask = 2147483647;
			files = (
			);
			runOnlyForDeploymentPostprocessing = 0;
		};
		849097E62BA309010015E68C /* Resources */ = {
			isa = PBXResourcesBuildPhase;
			buildActionMask = 2147483647;
			files = (
			);
			runOnlyForDeploymentPostprocessing = 0;
		};
/* End PBXResourcesBuildPhase section */

/* Begin PBXSourcesBuildPhase section */
		849097C12BA308FE0015E68C /* Sources */ = {
			isa = PBXSourcesBuildPhase;
			buildActionMask = 2147483647;
			files = (
				84051A502BA835FB009685BD /* TopSearchCell.swift in Sources */,
				849098132BA3357F0015E68C /* Fonts.swift in Sources */,
				849098192BA344310015E68C /* Strings.swift in Sources */,
				84051A562BA84C0D009685BD /* VacancyCell2.swift in Sources */,
				849098212BA488BA0015E68C /* LoginVC + ext.swift in Sources */,
				8490983C2BA74C250015E68C /* Networking.swift in Sources */,
				849098452BA751180015E68C /* ApiModels.swift in Sources */,
				84051A5F2BA9A522009685BD /* VacancyDataModel.swift in Sources */,
				849098152BA33BD00015E68C /* Colors.swift in Sources */,
				84051A582BA86A46009685BD /* MainVC + ext.swift in Sources */,
				84051A612BA9AB1F009685BD /* Helpers.swift in Sources */,
				849098352BA73FB50015E68C /* MainScreenCoordinator.swift in Sources */,
				849098392BA7433C0015E68C /* MainViewModel.swift in Sources */,
				84051A732BAAC321009685BD /* DetailCoordinator.swift in Sources */,
				8490983E2BA74C7F0015E68C /* Errors.swift in Sources */,
				849098432BA74F350015E68C /* consts.swift in Sources */,
				84051A762BAAC375009685BD /* DetailViewController.swift in Sources */,
				84051A662BA9D923009685BD /* MoreCoordinator.swift in Sources */,
				849098042BA312B00015E68C /* AppCoordinator.swift in Sources */,
				849098332BA6EEBE0015E68C /* Toolbars.swift in Sources */,
				849098272BA494780015E68C /* Verifier.swift in Sources */,
				8490982D2BA4B8F90015E68C /* CodeField.swift in Sources */,
				849098172BA33C3B0015E68C /* UIColor + ext.swift in Sources */,
				8490981B2BA353620015E68C /* UITextField + ext.swift in Sources */,
				849097FF2BA311FC0015E68C /* UIViewController + ext.swift in Sources */,
				8490982B2BA4B0F00015E68C /* ConfirmViewController.swift in Sources */,
				84051A712BA9EB3D009685BD /* MoreHeaderSupCell.swift in Sources */,
				849098412BA74CD20015E68C /* MockApi.swift in Sources */,
				84051A542BA84B3F009685BD /* VacanciesSupCell.swift in Sources */,
				84051A5C2BA8B10D009685BD /* VacanciesCell.swift in Sources */,
				84051A6F2BA9E219009685BD /* MoreVCLayouts.swift in Sources */,
				84051A692BA9D997009685BD /* MoreViewController.swift in Sources */,
				849098242BA4940C0015E68C /* LoginViewModel.swift in Sources */,
				849098292BA4B0AC0015E68C /* ConfirmCoordinator.swift in Sources */,
				84051A5A2BA86B5B009685BD /* MainVCLayouts.swift in Sources */,
				849098372BA742E40015E68C /* MainViewController.swift in Sources */,
				849098062BA317A20015E68C /* LoginCoordinator.swift in Sources */,
				849097CD2BA308FE0015E68C /* LoginViewController.swift in Sources */,
				8490982F2BA4C1C90015E68C /* ConfirmViewModel.swift in Sources */,
				8490981D2BA453AC0015E68C /* TabBar.swift in Sources */,
				849098022BA3127B0015E68C /* CoordinatorProtocol.swift in Sources */,
				84051A522BA84267009685BD /* OfferCell.swift in Sources */,
				849098312BA6EB030015E68C /* ConfirmVC + ext.swift in Sources */,
				84051A6B2BA9DE40009685BD /* MoreViewModel.swift in Sources */,
				849097C92BA308FE0015E68C /* AppDelegate.swift in Sources */,
				849097D32BA308FE0015E68C /* SkullSearcher.xcdatamodeld in Sources */,
				84051A6D2BA9E0C5009685BD /* MoreVC + ext.swift in Sources */,
			);
			runOnlyForDeploymentPostprocessing = 0;
		};
		849097DA2BA309010015E68C /* Sources */ = {
			isa = PBXSourcesBuildPhase;
			buildActionMask = 2147483647;
			files = (
				849097E32BA309010015E68C /* SkullSearcherTests.swift in Sources */,
			);
			runOnlyForDeploymentPostprocessing = 0;
		};
		849097E42BA309010015E68C /* Sources */ = {
			isa = PBXSourcesBuildPhase;
			buildActionMask = 2147483647;
			files = (
				849097ED2BA309010015E68C /* SkullSearcherUITests.swift in Sources */,
				849097EF2BA309010015E68C /* SkullSearcherUITestsLaunchTests.swift in Sources */,
			);
			runOnlyForDeploymentPostprocessing = 0;
		};
/* End PBXSourcesBuildPhase section */

/* Begin PBXTargetDependency section */
		849097E02BA309010015E68C /* PBXTargetDependency */ = {
			isa = PBXTargetDependency;
			target = 849097C42BA308FE0015E68C /* SkullSearcher */;
			targetProxy = 849097DF2BA309010015E68C /* PBXContainerItemProxy */;
		};
		849097EA2BA309010015E68C /* PBXTargetDependency */ = {
			isa = PBXTargetDependency;
			target = 849097C42BA308FE0015E68C /* SkullSearcher */;
			targetProxy = 849097E92BA309010015E68C /* PBXContainerItemProxy */;
		};
/* End PBXTargetDependency section */

/* Begin XCBuildConfiguration section */
		849097F02BA309010015E68C /* Debug */ = {
			isa = XCBuildConfiguration;
			buildSettings = {
				ALWAYS_SEARCH_USER_PATHS = NO;
				CLANG_ANALYZER_NONNULL = YES;
				CLANG_ANALYZER_NUMBER_OBJECT_CONVERSION = YES_AGGRESSIVE;
				CLANG_CXX_LANGUAGE_STANDARD = "gnu++20";
				CLANG_ENABLE_MODULES = YES;
				CLANG_ENABLE_OBJC_ARC = YES;
				CLANG_ENABLE_OBJC_WEAK = YES;
				CLANG_WARN_BLOCK_CAPTURE_AUTORELEASING = YES;
				CLANG_WARN_BOOL_CONVERSION = YES;
				CLANG_WARN_COMMA = YES;
				CLANG_WARN_CONSTANT_CONVERSION = YES;
				CLANG_WARN_DEPRECATED_OBJC_IMPLEMENTATIONS = YES;
				CLANG_WARN_DIRECT_OBJC_ISA_USAGE = YES_ERROR;
				CLANG_WARN_DOCUMENTATION_COMMENTS = YES;
				CLANG_WARN_EMPTY_BODY = YES;
				CLANG_WARN_ENUM_CONVERSION = YES;
				CLANG_WARN_INFINITE_RECURSION = YES;
				CLANG_WARN_INT_CONVERSION = YES;
				CLANG_WARN_NON_LITERAL_NULL_CONVERSION = YES;
				CLANG_WARN_OBJC_IMPLICIT_RETAIN_SELF = YES;
				CLANG_WARN_OBJC_LITERAL_CONVERSION = YES;
				CLANG_WARN_OBJC_ROOT_CLASS = YES_ERROR;
				CLANG_WARN_QUOTED_INCLUDE_IN_FRAMEWORK_HEADER = YES;
				CLANG_WARN_RANGE_LOOP_ANALYSIS = YES;
				CLANG_WARN_STRICT_PROTOTYPES = YES;
				CLANG_WARN_SUSPICIOUS_MOVE = YES;
				CLANG_WARN_UNGUARDED_AVAILABILITY = YES_AGGRESSIVE;
				CLANG_WARN_UNREACHABLE_CODE = YES;
				CLANG_WARN__DUPLICATE_METHOD_MATCH = YES;
				COPY_PHASE_STRIP = NO;
				DEBUG_INFORMATION_FORMAT = dwarf;
				ENABLE_STRICT_OBJC_MSGSEND = YES;
				ENABLE_TESTABILITY = YES;
				GCC_C_LANGUAGE_STANDARD = gnu11;
				GCC_DYNAMIC_NO_PIC = NO;
				GCC_NO_COMMON_BLOCKS = YES;
				GCC_OPTIMIZATION_LEVEL = 0;
				GCC_PREPROCESSOR_DEFINITIONS = (
					"DEBUG=1",
					"$(inherited)",
				);
				GCC_WARN_64_TO_32_BIT_CONVERSION = YES;
				GCC_WARN_ABOUT_RETURN_TYPE = YES_ERROR;
				GCC_WARN_UNDECLARED_SELECTOR = YES;
				GCC_WARN_UNINITIALIZED_AUTOS = YES_AGGRESSIVE;
				GCC_WARN_UNUSED_FUNCTION = YES;
				GCC_WARN_UNUSED_VARIABLE = YES;
				IPHONEOS_DEPLOYMENT_TARGET = 16.4;
				MTL_ENABLE_DEBUG_INFO = INCLUDE_SOURCE;
				MTL_FAST_MATH = YES;
				ONLY_ACTIVE_ARCH = YES;
				SDKROOT = iphoneos;
				SWIFT_ACTIVE_COMPILATION_CONDITIONS = DEBUG;
				SWIFT_OPTIMIZATION_LEVEL = "-Onone";
			};
			name = Debug;
		};
		849097F12BA309010015E68C /* Release */ = {
			isa = XCBuildConfiguration;
			buildSettings = {
				ALWAYS_SEARCH_USER_PATHS = NO;
				CLANG_ANALYZER_NONNULL = YES;
				CLANG_ANALYZER_NUMBER_OBJECT_CONVERSION = YES_AGGRESSIVE;
				CLANG_CXX_LANGUAGE_STANDARD = "gnu++20";
				CLANG_ENABLE_MODULES = YES;
				CLANG_ENABLE_OBJC_ARC = YES;
				CLANG_ENABLE_OBJC_WEAK = YES;
				CLANG_WARN_BLOCK_CAPTURE_AUTORELEASING = YES;
				CLANG_WARN_BOOL_CONVERSION = YES;
				CLANG_WARN_COMMA = YES;
				CLANG_WARN_CONSTANT_CONVERSION = YES;
				CLANG_WARN_DEPRECATED_OBJC_IMPLEMENTATIONS = YES;
				CLANG_WARN_DIRECT_OBJC_ISA_USAGE = YES_ERROR;
				CLANG_WARN_DOCUMENTATION_COMMENTS = YES;
				CLANG_WARN_EMPTY_BODY = YES;
				CLANG_WARN_ENUM_CONVERSION = YES;
				CLANG_WARN_INFINITE_RECURSION = YES;
				CLANG_WARN_INT_CONVERSION = YES;
				CLANG_WARN_NON_LITERAL_NULL_CONVERSION = YES;
				CLANG_WARN_OBJC_IMPLICIT_RETAIN_SELF = YES;
				CLANG_WARN_OBJC_LITERAL_CONVERSION = YES;
				CLANG_WARN_OBJC_ROOT_CLASS = YES_ERROR;
				CLANG_WARN_QUOTED_INCLUDE_IN_FRAMEWORK_HEADER = YES;
				CLANG_WARN_RANGE_LOOP_ANALYSIS = YES;
				CLANG_WARN_STRICT_PROTOTYPES = YES;
				CLANG_WARN_SUSPICIOUS_MOVE = YES;
				CLANG_WARN_UNGUARDED_AVAILABILITY = YES_AGGRESSIVE;
				CLANG_WARN_UNREACHABLE_CODE = YES;
				CLANG_WARN__DUPLICATE_METHOD_MATCH = YES;
				COPY_PHASE_STRIP = NO;
				DEBUG_INFORMATION_FORMAT = "dwarf-with-dsym";
				ENABLE_NS_ASSERTIONS = NO;
				ENABLE_STRICT_OBJC_MSGSEND = YES;
				GCC_C_LANGUAGE_STANDARD = gnu11;
				GCC_NO_COMMON_BLOCKS = YES;
				GCC_WARN_64_TO_32_BIT_CONVERSION = YES;
				GCC_WARN_ABOUT_RETURN_TYPE = YES_ERROR;
				GCC_WARN_UNDECLARED_SELECTOR = YES;
				GCC_WARN_UNINITIALIZED_AUTOS = YES_AGGRESSIVE;
				GCC_WARN_UNUSED_FUNCTION = YES;
				GCC_WARN_UNUSED_VARIABLE = YES;
				IPHONEOS_DEPLOYMENT_TARGET = 16.4;
				MTL_ENABLE_DEBUG_INFO = NO;
				MTL_FAST_MATH = YES;
				SDKROOT = iphoneos;
				SWIFT_COMPILATION_MODE = wholemodule;
				SWIFT_OPTIMIZATION_LEVEL = "-O";
				VALIDATE_PRODUCT = YES;
			};
			name = Release;
		};
		849097F32BA309010015E68C /* Debug */ = {
			isa = XCBuildConfiguration;
			buildSettings = {
				ASSETCATALOG_COMPILER_APPICON_NAME = AppIcon;
				ASSETCATALOG_COMPILER_GLOBAL_ACCENT_COLOR_NAME = AccentColor;
				CODE_SIGN_STYLE = Automatic;
				CURRENT_PROJECT_VERSION = 1;
				DEVELOPMENT_TEAM = S6Y7U4524Z;
				GENERATE_INFOPLIST_FILE = YES;
				INFOPLIST_FILE = SkullSearcher/Info.plist;
				INFOPLIST_KEY_UIApplicationSupportsIndirectInputEvents = YES;
				INFOPLIST_KEY_UILaunchStoryboardName = LaunchScreen;
				INFOPLIST_KEY_UISupportedInterfaceOrientations_iPad = "UIInterfaceOrientationPortrait UIInterfaceOrientationPortraitUpsideDown UIInterfaceOrientationLandscapeLeft UIInterfaceOrientationLandscapeRight";
				INFOPLIST_KEY_UISupportedInterfaceOrientations_iPhone = "UIInterfaceOrientationPortrait UIInterfaceOrientationLandscapeLeft UIInterfaceOrientationLandscapeRight";
				LD_RUNPATH_SEARCH_PATHS = (
					"$(inherited)",
					"@executable_path/Frameworks",
				);
				MARKETING_VERSION = 1.0;
				PRODUCT_BUNDLE_IDENTIFIER = "-2.SkullSearcher";
				PRODUCT_NAME = "$(TARGET_NAME)";
				SWIFT_EMIT_LOC_STRINGS = YES;
				SWIFT_VERSION = 5.0;
				TARGETED_DEVICE_FAMILY = "1,2";
			};
			name = Debug;
		};
		849097F42BA309010015E68C /* Release */ = {
			isa = XCBuildConfiguration;
			buildSettings = {
				ASSETCATALOG_COMPILER_APPICON_NAME = AppIcon;
				ASSETCATALOG_COMPILER_GLOBAL_ACCENT_COLOR_NAME = AccentColor;
				CODE_SIGN_STYLE = Automatic;
				CURRENT_PROJECT_VERSION = 1;
				DEVELOPMENT_TEAM = S6Y7U4524Z;
				GENERATE_INFOPLIST_FILE = YES;
				INFOPLIST_FILE = SkullSearcher/Info.plist;
				INFOPLIST_KEY_UIApplicationSupportsIndirectInputEvents = YES;
				INFOPLIST_KEY_UILaunchStoryboardName = LaunchScreen;
				INFOPLIST_KEY_UISupportedInterfaceOrientations_iPad = "UIInterfaceOrientationPortrait UIInterfaceOrientationPortraitUpsideDown UIInterfaceOrientationLandscapeLeft UIInterfaceOrientationLandscapeRight";
				INFOPLIST_KEY_UISupportedInterfaceOrientations_iPhone = "UIInterfaceOrientationPortrait UIInterfaceOrientationLandscapeLeft UIInterfaceOrientationLandscapeRight";
				LD_RUNPATH_SEARCH_PATHS = (
					"$(inherited)",
					"@executable_path/Frameworks",
				);
				MARKETING_VERSION = 1.0;
				PRODUCT_BUNDLE_IDENTIFIER = "-2.SkullSearcher";
				PRODUCT_NAME = "$(TARGET_NAME)";
				SWIFT_EMIT_LOC_STRINGS = YES;
				SWIFT_VERSION = 5.0;
				TARGETED_DEVICE_FAMILY = "1,2";
			};
			name = Release;
		};
		849097F62BA309010015E68C /* Debug */ = {
			isa = XCBuildConfiguration;
			buildSettings = {
				ALWAYS_EMBED_SWIFT_STANDARD_LIBRARIES = YES;
				BUNDLE_LOADER = "$(TEST_HOST)";
				CODE_SIGN_STYLE = Automatic;
				CURRENT_PROJECT_VERSION = 1;
				DEVELOPMENT_TEAM = S6Y7U4524Z;
				GENERATE_INFOPLIST_FILE = YES;
				IPHONEOS_DEPLOYMENT_TARGET = 16.4;
				MARKETING_VERSION = 1.0;
				PRODUCT_BUNDLE_IDENTIFIER = "-2.SkullSearcherTests";
				PRODUCT_NAME = "$(TARGET_NAME)";
				SWIFT_EMIT_LOC_STRINGS = NO;
				SWIFT_VERSION = 5.0;
				TARGETED_DEVICE_FAMILY = "1,2";
				TEST_HOST = "$(BUILT_PRODUCTS_DIR)/SkullSearcher.app/$(BUNDLE_EXECUTABLE_FOLDER_PATH)/SkullSearcher";
			};
			name = Debug;
		};
		849097F72BA309010015E68C /* Release */ = {
			isa = XCBuildConfiguration;
			buildSettings = {
				ALWAYS_EMBED_SWIFT_STANDARD_LIBRARIES = YES;
				BUNDLE_LOADER = "$(TEST_HOST)";
				CODE_SIGN_STYLE = Automatic;
				CURRENT_PROJECT_VERSION = 1;
				DEVELOPMENT_TEAM = S6Y7U4524Z;
				GENERATE_INFOPLIST_FILE = YES;
				IPHONEOS_DEPLOYMENT_TARGET = 16.4;
				MARKETING_VERSION = 1.0;
				PRODUCT_BUNDLE_IDENTIFIER = "-2.SkullSearcherTests";
				PRODUCT_NAME = "$(TARGET_NAME)";
				SWIFT_EMIT_LOC_STRINGS = NO;
				SWIFT_VERSION = 5.0;
				TARGETED_DEVICE_FAMILY = "1,2";
				TEST_HOST = "$(BUILT_PRODUCTS_DIR)/SkullSearcher.app/$(BUNDLE_EXECUTABLE_FOLDER_PATH)/SkullSearcher";
			};
			name = Release;
		};
		849097F92BA309010015E68C /* Debug */ = {
			isa = XCBuildConfiguration;
			buildSettings = {
				ALWAYS_EMBED_SWIFT_STANDARD_LIBRARIES = YES;
				CODE_SIGN_STYLE = Automatic;
				CURRENT_PROJECT_VERSION = 1;
				DEVELOPMENT_TEAM = S6Y7U4524Z;
				GENERATE_INFOPLIST_FILE = YES;
				MARKETING_VERSION = 1.0;
				PRODUCT_BUNDLE_IDENTIFIER = "-2.SkullSearcherUITests";
				PRODUCT_NAME = "$(TARGET_NAME)";
				SWIFT_EMIT_LOC_STRINGS = NO;
				SWIFT_VERSION = 5.0;
				TARGETED_DEVICE_FAMILY = "1,2";
				TEST_TARGET_NAME = SkullSearcher;
			};
			name = Debug;
		};
		849097FA2BA309010015E68C /* Release */ = {
			isa = XCBuildConfiguration;
			buildSettings = {
				ALWAYS_EMBED_SWIFT_STANDARD_LIBRARIES = YES;
				CODE_SIGN_STYLE = Automatic;
				CURRENT_PROJECT_VERSION = 1;
				DEVELOPMENT_TEAM = S6Y7U4524Z;
				GENERATE_INFOPLIST_FILE = YES;
				MARKETING_VERSION = 1.0;
				PRODUCT_BUNDLE_IDENTIFIER = "-2.SkullSearcherUITests";
				PRODUCT_NAME = "$(TARGET_NAME)";
				SWIFT_EMIT_LOC_STRINGS = NO;
				SWIFT_VERSION = 5.0;
				TARGETED_DEVICE_FAMILY = "1,2";
				TEST_TARGET_NAME = SkullSearcher;
			};
			name = Release;
		};
/* End XCBuildConfiguration section */

/* Begin XCConfigurationList section */
		849097C02BA308FE0015E68C /* Build configuration list for PBXProject "SkullSearcher" */ = {
			isa = XCConfigurationList;
			buildConfigurations = (
				849097F02BA309010015E68C /* Debug */,
				849097F12BA309010015E68C /* Release */,
			);
			defaultConfigurationIsVisible = 0;
			defaultConfigurationName = Release;
		};
		849097F22BA309010015E68C /* Build configuration list for PBXNativeTarget "SkullSearcher" */ = {
			isa = XCConfigurationList;
			buildConfigurations = (
				849097F32BA309010015E68C /* Debug */,
				849097F42BA309010015E68C /* Release */,
			);
			defaultConfigurationIsVisible = 0;
			defaultConfigurationName = Release;
		};
		849097F52BA309010015E68C /* Build configuration list for PBXNativeTarget "SkullSearcherTests" */ = {
			isa = XCConfigurationList;
			buildConfigurations = (
				849097F62BA309010015E68C /* Debug */,
				849097F72BA309010015E68C /* Release */,
			);
			defaultConfigurationIsVisible = 0;
			defaultConfigurationName = Release;
		};
		849097F82BA309010015E68C /* Build configuration list for PBXNativeTarget "SkullSearcherUITests" */ = {
			isa = XCConfigurationList;
			buildConfigurations = (
				849097F92BA309010015E68C /* Debug */,
				849097FA2BA309010015E68C /* Release */,
			);
			defaultConfigurationIsVisible = 0;
			defaultConfigurationName = Release;
		};
/* End XCConfigurationList section */

/* Begin XCVersionGroup section */
		849097D12BA308FE0015E68C /* SkullSearcher.xcdatamodeld */ = {
			isa = XCVersionGroup;
			children = (
				849097D22BA308FE0015E68C /* SkullSearcher.xcdatamodel */,
			);
			currentVersion = 849097D22BA308FE0015E68C /* SkullSearcher.xcdatamodel */;
			path = SkullSearcher.xcdatamodeld;
			sourceTree = "<group>";
			versionGroupType = wrapper.xcdatamodel;
		};
/* End XCVersionGroup section */
	};
	rootObject = 849097BD2BA308FE0015E68C /* Project object */;
}
